
Microsoft Visual Studio Solution File, Format Version 12.00
# Visual Studio Version 17
VisualStudioVersion = 17.13.35913.81 d17.13
MinimumVisualStudioVersion = 10.0.40219.1
Project("{FAE04EC0-301F-11D3-BF4B-00C04F79EFBC}") = "TEST2", "TEST2\TEST2.csproj", "{B510A801-FEA2-41B3-A54D-3C8F45D72EE2}"
EndProject
Global
	GlobalSection(SolutionConfigurationPlatforms) = preSolution
		Debug|Any CPU = Debug|Any CPU
		Release|Any CPU = Release|Any CPU
	EndGlobalSection
	GlobalSection(ProjectConfigurationPlatforms) = postSolution
		{B510A801-FEA2-41B3-A54D-3C8F45D72EE2}.Debug|Any CPU.ActiveCfg = Debug|Any CPU
		{B510A801-FEA2-41B3-A54D-3C8F45D72EE2}.Debug|Any CPU.Build.0 = Debug|Any CPU
		{B510A801-FEA2-41B3-A54D-3C8F45D72EE2}.Release|Any CPU.ActiveCfg = Release|Any CPU
		{B510A801-FEA2-41B3-A54D-3C8F45D72EE2}.Release|Any CPU.Build.0 = Release|Any CPU
	EndGlobalSection
	GlobalSection(SolutionProperties) = preSolution
		HideSolutionNode = FALSE
	EndGlobalSection
	GlobalSection(ExtensibilityGlobals) = postSolution
		SolutionGuid = {F9BDAF80-470A-4741-ABE7-346F6772FC6F}
	EndGlobalSection
EndGlobal
